
Microsoft Visual Studio Solution File, Format Version 12.00
# Visual Studio Version 16
VisualStudioVersion = 16.0.31205.134
MinimumVisualStudioVersion = 10.0.40219.1
Project("{FAE04EC0-301F-11D3-BF4B-00C04F79EFBC}") = "Idp_mvcClient", "Idp_mvcClient\Idp_mvcClient.csproj", "{2C615FFA-F327-4B44-AE4D-4199FEC64A9B}"
EndProject
Global
	GlobalSection(SolutionConfigurationPlatforms) = preSolution
		Debug|Any CPU = Debug|Any CPU
		Release|Any CPU = Release|Any CPU
	EndGlobalSection
	GlobalSection(ProjectConfigurationPlatforms) = postSolution
		{2C615FFA-F327-4B44-AE4D-4199FEC64A9B}.Debug|Any CPU.ActiveCfg = Debug|Any CPU
		{2C615FFA-F327-4B44-AE4D-4199FEC64A9B}.Debug|Any CPU.Build.0 = Debug|Any CPU
		{2C615FFA-F327-4B44-AE4D-4199FEC64A9B}.Release|Any CPU.ActiveCfg = Release|Any CPU
		{2C615FFA-F327-4B44-AE4D-4199FEC64A9B}.Release|Any CPU.Build.0 = Release|Any CPU
	EndGlobalSection
	GlobalSection(SolutionProperties) = preSolution
		HideSolutionNode = FALSE
	EndGlobalSection
	GlobalSection(ExtensibilityGlobals) = postSolution
		SolutionGuid = {965E8CED-EDF3-411D-959D-6FCD318744D2}
	EndGlobalSection
EndGlobal
